
Microsoft Visual Studio Solution File, Format Version 12.00
# Visual Studio Version 16
VisualStudioVersion = 16.0.31515.178
MinimumVisualStudioVersion = 10.0.40219.1
Project("{FAE04EC0-301F-11D3-BF4B-00C04F79EFBC}") = "TrOCR", "TrOCR.csproj", "{B130A49B-6676-465D-BAD4-B83666DFFA44}"
EndProject
Project("{FAE04EC0-301F-11D3-BF4B-00C04F79EFBC}") = "OcrLiteLib", "..\OcrLiteLib\OcrLiteLib.csproj", "{3A1647DA-83CD-4F9D-9FFA-F663BB55FF6A}"
EndProject
Project("{FAE04EC0-301F-11D3-BF4B-00C04F79EFBC}") = "OcrLib", "..\OcrLib\OcrLib.csproj", "{AB10D356-2D95-4460-96CA-9A7129AD0A76}"
EndProject
Global
	GlobalSection(SolutionConfigurationPlatforms) = preSolution
		Debug|Any CPU = Debug|Any CPU
		Debug|Mixed Platforms = Debug|Mixed Platforms
		Debug|x64 = Debug|x64
		Debug|x86 = Debug|x86
		Release|Any CPU = Release|Any CPU
		Release|Mixed Platforms = Release|Mixed Platforms
		Release|x64 = Release|x64
		Release|x86 = Release|x86
		RelWithDebInfo|Any CPU = RelWithDebInfo|Any CPU
		RelWithDebInfo|Mixed Platforms = RelWithDebInfo|Mixed Platforms
		RelWithDebInfo|x64 = RelWithDebInfo|x64
		RelWithDebInfo|x86 = RelWithDebInfo|x86
		Steam|Any CPU = Steam|Any CPU
		Steam|Mixed Platforms = Steam|Mixed Platforms
		Steam|x64 = Steam|x64
		Steam|x86 = Steam|x86
		WindowsStore|Any CPU = WindowsStore|Any CPU
		WindowsStore|Mixed Platforms = WindowsStore|Mixed Platforms
		WindowsStore|x64 = WindowsStore|x64
		WindowsStore|x86 = WindowsStore|x86
		WindowsStoreDebug|Any CPU = WindowsStoreDebug|Any CPU
		WindowsStoreDebug|Mixed Platforms = WindowsStoreDebug|Mixed Platforms
		WindowsStoreDebug|x64 = WindowsStoreDebug|x64
		WindowsStoreDebug|x86 = WindowsStoreDebug|x86
	EndGlobalSection
	GlobalSection(ProjectConfigurationPlatforms) = postSolution
		{B130A49B-6676-465D-BAD4-B83666DFFA44}.Debug|Any CPU.ActiveCfg = Debug|x86
		{B130A49B-6676-465D-BAD4-B83666DFFA44}.Debug|Any CPU.Build.0 = Debug|x86
		{B130A49B-6676-465D-BAD4-B83666DFFA44}.Debug|Mixed Platforms.ActiveCfg = Debug|x86
		{B130A49B-6676-465D-BAD4-B83666DFFA44}.Debug|Mixed Platforms.Build.0 = Debug|x86
		{B130A49B-6676-465D-BAD4-B83666DFFA44}.Debug|x64.ActiveCfg = Debug|x64
		{B130A49B-6676-465D-BAD4-B83666DFFA44}.Debug|x64.Build.0 = Debug|x64
		{B130A49B-6676-465D-BAD4-B83666DFFA44}.Debug|x86.ActiveCfg = Debug|x86
		{B130A49B-6676-465D-BAD4-B83666DFFA44}.Debug|x86.Build.0 = Debug|x86
		{B130A49B-6676-465D-BAD4-B83666DFFA44}.Release|Any CPU.ActiveCfg = Release|x86
		{B130A49B-6676-465D-BAD4-B83666DFFA44}.Release|Any CPU.Build.0 = Release|x86
		{B130A49B-6676-465D-BAD4-B83666DFFA44}.Release|Mixed Platforms.ActiveCfg = Release|x86
		{B130A49B-6676-465D-BAD4-B83666DFFA44}.Release|Mixed Platforms.Build.0 = Release|x86
		{B130A49B-6676-465D-BAD4-B83666DFFA44}.Release|x64.ActiveCfg = Release|x64
		{B130A49B-6676-465D-BAD4-B83666DFFA44}.Release|x64.Build.0 = Release|x64
		{B130A49B-6676-465D-BAD4-B83666DFFA44}.Release|x86.ActiveCfg = Release|x86
		{B130A49B-6676-465D-BAD4-B83666DFFA44}.Release|x86.Build.0 = Release|x86
		{B130A49B-6676-465D-BAD4-B83666DFFA44}.RelWithDebInfo|Any CPU.ActiveCfg = Release|x86
		{B130A49B-6676-465D-BAD4-B83666DFFA44}.RelWithDebInfo|Any CPU.Build.0 = Release|x86
		{B130A49B-6676-465D-BAD4-B83666DFFA44}.RelWithDebInfo|Mixed Platforms.ActiveCfg = Release|x86
		{B130A49B-6676-465D-BAD4-B83666DFFA44}.RelWithDebInfo|Mixed Platforms.Build.0 = Release|x86
		{B130A49B-6676-465D-BAD4-B83666DFFA44}.RelWithDebInfo|x64.ActiveCfg = Release|x64
		{B130A49B-6676-465D-BAD4-B83666DFFA44}.RelWithDebInfo|x64.Build.0 = Release|x64
		{B130A49B-6676-465D-BAD4-B83666DFFA44}.RelWithDebInfo|x86.ActiveCfg = Release|x86
		{B130A49B-6676-465D-BAD4-B83666DFFA44}.RelWithDebInfo|x86.Build.0 = Release|x86
		{B130A49B-6676-465D-BAD4-B83666DFFA44}.Steam|Any CPU.ActiveCfg = Release|x64
		{B130A49B-6676-465D-BAD4-B83666DFFA44}.Steam|Any CPU.Build.0 = Release|x64
		{B130A49B-6676-465D-BAD4-B83666DFFA44}.Steam|Mixed Platforms.ActiveCfg = Release|x86
		{B130A49B-6676-465D-BAD4-B83666DFFA44}.Steam|Mixed Platforms.Build.0 = Release|x86
		{B130A49B-6676-465D-BAD4-B83666DFFA44}.Steam|x64.ActiveCfg = Release|x64
		{B130A49B-6676-465D-BAD4-B83666DFFA44}.Steam|x64.Build.0 = Release|x64
		{B130A49B-6676-465D-BAD4-B83666DFFA44}.Steam|x86.ActiveCfg = Release|x86
		{B130A49B-6676-465D-BAD4-B83666DFFA44}.Steam|x86.Build.0 = Release|x86
		{B130A49B-6676-465D-BAD4-B83666DFFA44}.WindowsStore|Any CPU.ActiveCfg = Release|x64
		{B130A49B-6676-465D-BAD4-B83666DFFA44}.WindowsStore|Any CPU.Build.0 = Release|x64
		{B130A49B-6676-465D-BAD4-B83666DFFA44}.WindowsStore|Mixed Platforms.ActiveCfg = Release|x86
		{B130A49B-6676-465D-BAD4-B83666DFFA44}.WindowsStore|Mixed Platforms.Build.0 = Release|x86
		{B130A49B-6676-465D-BAD4-B83666DFFA44}.WindowsStore|x64.ActiveCfg = Release|x64
		{B130A49B-6676-465D-BAD4-B83666DFFA44}.WindowsStore|x64.Build.0 = Release|x64
		{B130A49B-6676-465D-BAD4-B83666DFFA44}.WindowsStore|x86.ActiveCfg = Release|x86
		{B130A49B-6676-465D-BAD4-B83666DFFA44}.WindowsStore|x86.Build.0 = Release|x86
		{B130A49B-6676-465D-BAD4-B83666DFFA44}.WindowsStoreDebug|Any CPU.ActiveCfg = Release|x64
		{B130A49B-6676-465D-BAD4-B83666DFFA44}.WindowsStoreDebug|Any CPU.Build.0 = Release|x64
		{B130A49B-6676-465D-BAD4-B83666DFFA44}.WindowsStoreDebug|Mixed Platforms.ActiveCfg = Debug|x86
		{B130A49B-6676-465D-BAD4-B83666DFFA44}.WindowsStoreDebug|Mixed Platforms.Build.0 = Debug|x86
		{B130A49B-6676-465D-BAD4-B83666DFFA44}.WindowsStoreDebug|x64.ActiveCfg = Debug|x64
		{B130A49B-6676-465D-BAD4-B83666DFFA44}.WindowsStoreDebug|x64.Build.0 = Debug|x64
		{B130A49B-6676-465D-BAD4-B83666DFFA44}.WindowsStoreDebug|x86.ActiveCfg = Debug|x86
		{B130A49B-6676-465D-BAD4-B83666DFFA44}.WindowsStoreDebug|x86.Build.0 = Debug|x86
		{3A1647DA-83CD-4F9D-9FFA-F663BB55FF6A}.Debug|Any CPU.ActiveCfg = Debug|Any CPU
		{3A1647DA-83CD-4F9D-9FFA-F663BB55FF6A}.Debug|Any CPU.Build.0 = Debug|Any CPU
		{3A1647DA-83CD-4F9D-9FFA-F663BB55FF6A}.Debug|Mixed Platforms.ActiveCfg = Debug|Any CPU
		{3A1647DA-83CD-4F9D-9FFA-F663BB55FF6A}.Debug|Mixed Platforms.Build.0 = Debug|Any CPU
		{3A1647DA-83CD-4F9D-9FFA-F663BB55FF6A}.Debug|x64.ActiveCfg = Debug|Any CPU
		{3A1647DA-83CD-4F9D-9FFA-F663BB55FF6A}.Debug|x64.Build.0 = Debug|Any CPU
		{3A1647DA-83CD-4F9D-9FFA-F663BB55FF6A}.Debug|x86.ActiveCfg = Debug|Any CPU
		{3A1647DA-83CD-4F9D-9FFA-F663BB55FF6A}.Debug|x86.Build.0 = Debug|Any CPU
		{3A1647DA-83CD-4F9D-9FFA-F663BB55FF6A}.Release|Any CPU.ActiveCfg = Release|Any CPU
		{3A1647DA-83CD-4F9D-9FFA-F663BB55FF6A}.Release|Any CPU.Build.0 = Release|Any CPU
		{3A1647DA-83CD-4F9D-9FFA-F663BB55FF6A}.Release|Mixed Platforms.ActiveCfg = Release|Any CPU
		{3A1647DA-83CD-4F9D-9FFA-F663BB55FF6A}.Release|Mixed Platforms.Build.0 = Release|Any CPU
		{3A1647DA-83CD-4F9D-9FFA-F663BB55FF6A}.Release|x64.ActiveCfg = Release|Any CPU
		{3A1647DA-83CD-4F9D-9FFA-F663BB55FF6A}.Release|x64.Build.0 = Release|Any CPU
		{3A1647DA-83CD-4F9D-9FFA-F663BB55FF6A}.Release|x86.ActiveCfg = Release|Any CPU
		{3A1647DA-83CD-4F9D-9FFA-F663BB55FF6A}.Release|x86.Build.0 = Release|Any CPU
		{3A1647DA-83CD-4F9D-9FFA-F663BB55FF6A}.RelWithDebInfo|Any CPU.ActiveCfg = Release|Any CPU
		{3A1647DA-83CD-4F9D-9FFA-F663BB55FF6A}.RelWithDebInfo|Any CPU.Build.0 = Release|Any CPU
		{3A1647DA-83CD-4F9D-9FFA-F663BB55FF6A}.RelWithDebInfo|Mixed Platforms.ActiveCfg = Release|Win32
		{3A1647DA-83CD-4F9D-9FFA-F663BB55FF6A}.RelWithDebInfo|Mixed Platforms.Build.0 = Release|Win32
		{3A1647DA-83CD-4F9D-9FFA-F663BB55FF6A}.RelWithDebInfo|x64.ActiveCfg = Release|Any CPU
		{3A1647DA-83CD-4F9D-9FFA-F663BB55FF6A}.RelWithDebInfo|x64.Build.0 = Release|Any CPU
		{3A1647DA-83CD-4F9D-9FFA-F663BB55FF6A}.RelWithDebInfo|x86.ActiveCfg = Release|Win32
		{3A1647DA-83CD-4F9D-9FFA-F663BB55FF6A}.RelWithDebInfo|x86.Build.0 = Release|Win32
		{3A1647DA-83CD-4F9D-9FFA-F663BB55FF6A}.Steam|Any CPU.ActiveCfg = Release|Any CPU
		{3A1647DA-83CD-4F9D-9FFA-F663BB55FF6A}.Steam|Any CPU.Build.0 = Release|Any CPU
		{3A1647DA-83CD-4F9D-9FFA-F663BB55FF6A}.Steam|Mixed Platforms.ActiveCfg = Debug|Win32
		{3A1647DA-83CD-4F9D-9FFA-F663BB55FF6A}.Steam|Mixed Platforms.Build.0 = Debug|Win32
		{3A1647DA-83CD-4F9D-9FFA-F663BB55FF6A}.Steam|x64.ActiveCfg = Release|Any CPU
		{3A1647DA-83CD-4F9D-9FFA-F663BB55FF6A}.Steam|x64.Build.0 = Release|Any CPU
		{3A1647DA-83CD-4F9D-9FFA-F663BB55FF6A}.Steam|x86.ActiveCfg = Debug|Win32
		{3A1647DA-83CD-4F9D-9FFA-F663BB55FF6A}.Steam|x86.Build.0 = Debug|Win32
		{3A1647DA-83CD-4F9D-9FFA-F663BB55FF6A}.WindowsStore|Any CPU.ActiveCfg = Release|Any CPU
		{3A1647DA-83CD-4F9D-9FFA-F663BB55FF6A}.WindowsStore|Any CPU.Build.0 = Release|Any CPU
		{3A1647DA-83CD-4F9D-9FFA-F663BB55FF6A}.WindowsStore|Mixed Platforms.ActiveCfg = Debug|Win32
		{3A1647DA-83CD-4F9D-9FFA-F663BB55FF6A}.WindowsStore|Mixed Platforms.Build.0 = Debug|Win32
		{3A1647DA-83CD-4F9D-9FFA-F663BB55FF6A}.WindowsStore|x64.ActiveCfg = Release|Any CPU
		{3A1647DA-83CD-4F9D-9FFA-F663BB55FF6A}.WindowsStore|x64.Build.0 = Release|Any CPU
		{3A1647DA-83CD-4F9D-9FFA-F663BB55FF6A}.WindowsStore|x86.ActiveCfg = Debug|Win32
		{3A1647DA-83CD-4F9D-9FFA-F663BB55FF6A}.WindowsStore|x86.Build.0 = Debug|Win32
		{3A1647DA-83CD-4F9D-9FFA-F663BB55FF6A}.WindowsStoreDebug|Any CPU.ActiveCfg = Debug|Any CPU
		{3A1647DA-83CD-4F9D-9FFA-F663BB55FF6A}.WindowsStoreDebug|Any CPU.Build.0 = Debug|Any CPU
		{3A1647DA-83CD-4F9D-9FFA-F663BB55FF6A}.WindowsStoreDebug|Mixed Platforms.ActiveCfg = Debug|Win32
		{3A1647DA-83CD-4F9D-9FFA-F663BB55FF6A}.WindowsStoreDebug|Mixed Platforms.Build.0 = Debug|Win32
		{3A1647DA-83CD-4F9D-9FFA-F663BB55FF6A}.WindowsStoreDebug|x64.ActiveCfg = Debug|Any CPU
		{3A1647DA-83CD-4F9D-9FFA-F663BB55FF6A}.WindowsStoreDebug|x64.Build.0 = Debug|Any CPU
		{3A1647DA-83CD-4F9D-9FFA-F663BB55FF6A}.WindowsStoreDebug|x86.ActiveCfg = Debug|Win32
		{3A1647DA-83CD-4F9D-9FFA-F663BB55FF6A}.WindowsStoreDebug|x86.Build.0 = Debug|Win32
		{AB10D356-2D95-4460-96CA-9A7129AD0A76}.Debug|Any CPU.ActiveCfg = Debug|Any CPU
		{AB10D356-2D95-4460-96CA-9A7129AD0A76}.Debug|Any CPU.Build.0 = Debug|Any CPU
		{AB10D356-2D95-4460-96CA-9A7129AD0A76}.Debug|Mixed Platforms.ActiveCfg = Debug|Win32
		{AB10D356-2D95-4460-96CA-9A7129AD0A76}.Debug|Mixed Platforms.Build.0 = Debug|Win32
		{AB10D356-2D95-4460-96CA-9A7129AD0A76}.Debug|x64.ActiveCfg = Debug|Any CPU
		{AB10D356-2D95-4460-96CA-9A7129AD0A76}.Debug|x64.Build.0 = Debug|Any CPU
		{AB10D356-2D95-4460-96CA-9A7129AD0A76}.Debug|x86.ActiveCfg = Debug|Win32
		{AB10D356-2D95-4460-96CA-9A7129AD0A76}.Debug|x86.Build.0 = Debug|Win32
		{AB10D356-2D95-4460-96CA-9A7129AD0A76}.Release|Any CPU.ActiveCfg = Release|Any CPU
		{AB10D356-2D95-4460-96CA-9A7129AD0A76}.Release|Any CPU.Build.0 = Release|Any CPU
		{AB10D356-2D95-4460-96CA-9A7129AD0A76}.Release|Mixed Platforms.ActiveCfg = Release|Win32
		{AB10D356-2D95-4460-96CA-9A7129AD0A76}.Release|Mixed Platforms.Build.0 = Release|Win32
		{AB10D356-2D95-4460-96CA-9A7129AD0A76}.Release|x64.ActiveCfg = Release|Any CPU
		{AB10D356-2D95-4460-96CA-9A7129AD0A76}.Release|x64.Build.0 = Release|Any CPU
		{AB10D356-2D95-4460-96CA-9A7129AD0A76}.Release|x86.ActiveCfg = Release|Win32
		{AB10D356-2D95-4460-96CA-9A7129AD0A76}.Release|x86.Build.0 = Release|Win32
		{AB10D356-2D95-4460-96CA-9A7129AD0A76}.RelWithDebInfo|Any CPU.ActiveCfg = Release|Any CPU
		{AB10D356-2D95-4460-96CA-9A7129AD0A76}.RelWithDebInfo|Any CPU.Build.0 = Release|Any CPU
		{AB10D356-2D95-4460-96CA-9A7129AD0A76}.RelWithDebInfo|Mixed Platforms.ActiveCfg = Release|Win32
		{AB10D356-2D95-4460-96CA-9A7129AD0A76}.RelWithDebInfo|Mixed Platforms.Build.0 = Release|Win32
		{AB10D356-2D95-4460-96CA-9A7129AD0A76}.RelWithDebInfo|x64.ActiveCfg = Release|Any CPU
		{AB10D356-2D95-4460-96CA-9A7129AD0A76}.RelWithDebInfo|x64.Build.0 = Release|Any CPU
		{AB10D356-2D95-4460-96CA-9A7129AD0A76}.RelWithDebInfo|x86.ActiveCfg = Release|Win32
		{AB10D356-2D95-4460-96CA-9A7129AD0A76}.RelWithDebInfo|x86.Build.0 = Release|Win32
		{AB10D356-2D95-4460-96CA-9A7129AD0A76}.Steam|Any CPU.ActiveCfg = Release|Any CPU
		{AB10D356-2D95-4460-96CA-9A7129AD0A76}.Steam|Any CPU.Build.0 = Release|Any CPU
		{AB10D356-2D95-4460-96CA-9A7129AD0A76}.Steam|Mixed Platforms.ActiveCfg = Release|Win32
		{AB10D356-2D95-4460-96CA-9A7129AD0A76}.Steam|Mixed Platforms.Build.0 = Release|Win32
		{AB10D356-2D95-4460-96CA-9A7129AD0A76}.Steam|x64.ActiveCfg = Release|Any CPU
		{AB10D356-2D95-4460-96CA-9A7129AD0A76}.Steam|x64.Build.0 = Release|Any CPU
		{AB10D356-2D95-4460-96CA-9A7129AD0A76}.Steam|x86.ActiveCfg = Release|Win32
		{AB10D356-2D95-4460-96CA-9A7129AD0A76}.Steam|x86.Build.0 = Release|Win32
		{AB10D356-2D95-4460-96CA-9A7129AD0A76}.WindowsStore|Any CPU.ActiveCfg = Release|Any CPU
		{AB10D356-2D95-4460-96CA-9A7129AD0A76}.WindowsStore|Any CPU.Build.0 = Release|Any CPU
		{AB10D356-2D95-4460-96CA-9A7129AD0A76}.WindowsStore|Mixed Platforms.ActiveCfg = Release|Win32
		{AB10D356-2D95-4460-96CA-9A7129AD0A76}.WindowsStore|Mixed Platforms.Build.0 = Release|Win32
		{AB10D356-2D95-4460-96CA-9A7129AD0A76}.WindowsStore|x64.ActiveCfg = Release|Any CPU
		{AB10D356-2D95-4460-96CA-9A7129AD0A76}.WindowsStore|x64.Build.0 = Release|Any CPU
		{AB10D356-2D95-4460-96CA-9A7129AD0A76}.WindowsStore|x86.ActiveCfg = Release|Win32
		{AB10D356-2D95-4460-96CA-9A7129AD0A76}.WindowsStore|x86.Build.0 = Release|Win32
		{AB10D356-2D95-4460-96CA-9A7129AD0A76}.WindowsStoreDebug|Any CPU.ActiveCfg = Debug|Any CPU
		{AB10D356-2D95-4460-96CA-9A7129AD0A76}.WindowsStoreDebug|Any CPU.Build.0 = Debug|Any CPU
		{AB10D356-2D95-4460-96CA-9A7129AD0A76}.WindowsStoreDebug|Mixed Platforms.ActiveCfg = Debug|Win32
		{AB10D356-2D95-4460-96CA-9A7129AD0A76}.WindowsStoreDebug|Mixed Platforms.Build.0 = Debug|Win32
		{AB10D356-2D95-4460-96CA-9A7129AD0A76}.WindowsStoreDebug|x64.ActiveCfg = Debug|Any CPU
		{AB10D356-2D95-4460-96CA-9A7129AD0A76}.WindowsStoreDebug|x64.Build.0 = Debug|Any CPU
		{AB10D356-2D95-4460-96CA-9A7129AD0A76}.WindowsStoreDebug|x86.ActiveCfg = Debug|Win32
		{AB10D356-2D95-4460-96CA-9A7129AD0A76}.WindowsStoreDebug|x86.Build.0 = Debug|Win32
	EndGlobalSection
	GlobalSection(SolutionProperties) = preSolution
		HideSolutionNode = FALSE
	EndGlobalSection
	GlobalSection(ExtensibilityGlobals) = postSolution
		SolutionGuid = {0D78471A-2E8B-4745-9404-B8AFFC757936}
	EndGlobalSection
EndGlobal
